// !$*UTF8*$!
{
	archiveVersion = 1;
	classes = {
	};
	objectVersion = 56;
	objects = {

/* Begin PBXBuildFile section */
		750E3D672C7E5F0900D0E9DD /* todoInProgressViewCell.swift in Sources */ = {isa = PBXBuildFile; fileRef = 750E3D662C7E5F0900D0E9DD /* todoInProgressViewCell.swift */; };
		750E3D692C7E6FE100D0E9DD /* TodoCreateNewViewCell.swift in Sources */ = {isa = PBXBuildFile; fileRef = 750E3D682C7E6FE100D0E9DD /* TodoCreateNewViewCell.swift */; };
		750E3D6B2C7E6FFF00D0E9DD /* TodoUnoompletedRowViewCell.swift in Sources */ = {isa = PBXBuildFile; fileRef = 750E3D6A2C7E6FFF00D0E9DD /* TodoUnoompletedRowViewCell.swift */; };
		750E3D6D2C7E700600D0E9DD /* TodoCompletedRowViewCell.swift in Sources */ = {isa = PBXBuildFile; fileRef = 750E3D6C2C7E700600D0E9DD /* TodoCompletedRowViewCell.swift */; };
		750E3D742C7EA6FD00D0E9DD /* TodoDetailsViewController.swift in Sources */ = {isa = PBXBuildFile; fileRef = 750E3D732C7EA6FD00D0E9DD /* TodoDetailsViewController.swift */; };
		750E3D762C7EA77800D0E9DD /* TodoListRouter.swift in Sources */ = {isa = PBXBuildFile; fileRef = 750E3D752C7EA77800D0E9DD /* TodoListRouter.swift */; };
		750E3D782C7EA9F000D0E9DD /* TodoDetailsRouter.swift in Sources */ = {isa = PBXBuildFile; fileRef = 750E3D772C7EA9F000D0E9DD /* TodoDetailsRouter.swift */; };
		750E3D7A2C7EAF0A00D0E9DD /* TodoDetailsView.swift in Sources */ = {isa = PBXBuildFile; fileRef = 750E3D792C7EAF0A00D0E9DD /* TodoDetailsView.swift */; };
		750E3D7F2C7EFB7400D0E9DD /* TodoShowAllViewController.swift in Sources */ = {isa = PBXBuildFile; fileRef = 750E3D7E2C7EFB7400D0E9DD /* TodoShowAllViewController.swift */; };
		750E3D812C7EFB8500D0E9DD /* TodoShowAllView.swift in Sources */ = {isa = PBXBuildFile; fileRef = 750E3D802C7EFB8500D0E9DD /* TodoShowAllView.swift */; };
		750E3D832C7EFC0600D0E9DD /* TodoShowAllRouter.swift in Sources */ = {isa = PBXBuildFile; fileRef = 750E3D822C7EFC0600D0E9DD /* TodoShowAllRouter.swift */; };
		750E3D892C7F530100D0E9DD /* VtlCoreDataManager.swift in Sources */ = {isa = PBXBuildFile; fileRef = 750E3D882C7F530100D0E9DD /* VtlCoreDataManager.swift */; };
		750E3D8C2C7F532B00D0E9DD /* VtlCoreData.xcdatamodeld in Sources */ = {isa = PBXBuildFile; fileRef = 750E3D8A2C7F532B00D0E9DD /* VtlCoreData.xcdatamodeld */; };
		750E3D8F2C7F562400D0E9DD /* Todo+CoreDataClass.swift in Sources */ = {isa = PBXBuildFile; fileRef = 750E3D8D2C7F562400D0E9DD /* Todo+CoreDataClass.swift */; };
		750E3D902C7F562400D0E9DD /* Todo+CoreDataProperties.swift in Sources */ = {isa = PBXBuildFile; fileRef = 750E3D8E2C7F562400D0E9DD /* Todo+CoreDataProperties.swift */; };
		750E3D9E2C7F621900D0E9DD /* RemoteDataManager.swift in Sources */ = {isa = PBXBuildFile; fileRef = 750E3D9D2C7F621900D0E9DD /* RemoteDataManager.swift */; };
		750E3DA02C7F635700D0E9DD /* VtlTodoResult.swift in Sources */ = {isa = PBXBuildFile; fileRef = 750E3D9F2C7F635700D0E9DD /* VtlTodoResult.swift */; };
		750E3DA22C7F73A200D0E9DD /* LocalDataManager.swift in Sources */ = {isa = PBXBuildFile; fileRef = 750E3DA12C7F73A200D0E9DD /* LocalDataManager.swift */; };
		750E3DA42C7F7B7A00D0E9DD /* TodoListInteractor.swift in Sources */ = {isa = PBXBuildFile; fileRef = 750E3DA32C7F7B7A00D0E9DD /* TodoListInteractor.swift */; };
		750E3DA62C7F8A4100D0E9DD /* TodoListPresenter.swift in Sources */ = {isa = PBXBuildFile; fileRef = 750E3DA52C7F8A4100D0E9DD /* TodoListPresenter.swift */; };
		750E3DA82C8056A600D0E9DD /* TodoDetailsPresenter.swift in Sources */ = {isa = PBXBuildFile; fileRef = 750E3DA72C8056A600D0E9DD /* TodoDetailsPresenter.swift */; };
		750E3DAB2C805A2800D0E9DD /* TodoShowAllPresenter.swift in Sources */ = {isa = PBXBuildFile; fileRef = 750E3DAA2C805A2800D0E9DD /* TodoShowAllPresenter.swift */; };
		75555D102C7DF7A300EFA4E5 /* TodoCompleteViewCell.swift in Sources */ = {isa = PBXBuildFile; fileRef = 75555D0F2C7DF7A300EFA4E5 /* TodoCompleteViewCell.swift */; };
		75555D122C7E0E8200EFA4E5 /* TodoListView.swift in Sources */ = {isa = PBXBuildFile; fileRef = 75555D112C7E0E8200EFA4E5 /* TodoListView.swift */; };
		7576F9DC2C8586440096C676 /* VtlUserDefaults.swift in Sources */ = {isa = PBXBuildFile; fileRef = 7576F9DB2C8586440096C676 /* VtlUserDefaults.swift */; };
		7576F9DE2C8599850096C676 /* TodoListSectionTypes.swift in Sources */ = {isa = PBXBuildFile; fileRef = 7576F9DD2C8599850096C676 /* TodoListSectionTypes.swift */; };
		7576F9E02C859AAE0096C676 /* TodoErrorViewCell.swift in Sources */ = {isa = PBXBuildFile; fileRef = 7576F9DF2C859AAE0096C676 /* TodoErrorViewCell.swift */; };
		7576F9E22C859ABC0096C676 /* TodoEmptyInProgressViewCell.swift in Sources */ = {isa = PBXBuildFile; fileRef = 7576F9E12C859ABC0096C676 /* TodoEmptyInProgressViewCell.swift */; };
		7576F9E42C859AC70096C676 /* TodoEmptyCompleteViewCell.swift in Sources */ = {isa = PBXBuildFile; fileRef = 7576F9E32C859AC70096C676 /* TodoEmptyCompleteViewCell.swift */; };
		7576F9E62C859ACE0096C676 /* TodoLoadingViewCell.swift in Sources */ = {isa = PBXBuildFile; fileRef = 7576F9E52C859ACE0096C676 /* TodoLoadingViewCell.swift */; };
		7576F9E92C87668D0096C676 /* OnboardingViewController.swift in Sources */ = {isa = PBXBuildFile; fileRef = 7576F9E82C87668D0096C676 /* OnboardingViewController.swift */; };
		7576F9EB2C87669A0096C676 /* OnboardingView.swift in Sources */ = {isa = PBXBuildFile; fileRef = 7576F9EA2C87669A0096C676 /* OnboardingView.swift */; };
		7576F9ED2C8766A70096C676 /* FirstOnboardingViewCell.swift in Sources */ = {isa = PBXBuildFile; fileRef = 7576F9EC2C8766A70096C676 /* FirstOnboardingViewCell.swift */; };
		7576F9EF2C880ECB0096C676 /* OnboardingScreens.swift in Sources */ = {isa = PBXBuildFile; fileRef = 7576F9EE2C880ECB0096C676 /* OnboardingScreens.swift */; };
		7576F9F12C8811DD0096C676 /* SecondOnboardingViewCell.swift in Sources */ = {isa = PBXBuildFile; fileRef = 7576F9F02C8811DD0096C676 /* SecondOnboardingViewCell.swift */; };
		7576F9FA2C881E1E0096C676 /* Viper_Todo_ListTests.swift in Sources */ = {isa = PBXBuildFile; fileRef = 7576F9F92C881E1E0096C676 /* Viper_Todo_ListTests.swift */; };
		7576FA062C8837DE0096C676 /* TodoModelTests.swift in Sources */ = {isa = PBXBuildFile; fileRef = 7576FA052C8837DE0096C676 /* TodoModelTests.swift */; };
		7576FA0E2C8858AD0096C676 /* TodoDetailsViewTests.swift in Sources */ = {isa = PBXBuildFile; fileRef = 7576FA0D2C8858AD0096C676 /* TodoDetailsViewTests.swift */; };
		7576FA102C885AC20096C676 /* CoreDataContext.swift in Sources */ = {isa = PBXBuildFile; fileRef = 7576FA0F2C885AC20096C676 /* CoreDataContext.swift */; };
		7579A89E2C84309600F6E69E /* TodoCreateRouter.swift in Sources */ = {isa = PBXBuildFile; fileRef = 7579A89D2C84309600F6E69E /* TodoCreateRouter.swift */; };
		7579A8A02C8430A000F6E69E /* TodoCreateView.swift in Sources */ = {isa = PBXBuildFile; fileRef = 7579A89F2C8430A000F6E69E /* TodoCreateView.swift */; };
		7579A8A22C8430AA00F6E69E /* TodoCreateViewController.swift in Sources */ = {isa = PBXBuildFile; fileRef = 7579A8A12C8430AA00F6E69E /* TodoCreateViewController.swift */; };
		7579A8A52C8430C000F6E69E /* TodoCreateInteractor.swift in Sources */ = {isa = PBXBuildFile; fileRef = 7579A8A42C8430C000F6E69E /* TodoCreateInteractor.swift */; };
		7579A8A72C8430CB00F6E69E /* TodoCreatePresenter.swift in Sources */ = {isa = PBXBuildFile; fileRef = 7579A8A62C8430CB00F6E69E /* TodoCreatePresenter.swift */; };
		7579A8A92C84310300F6E69E /* TodoCreateLocalDataManager.swift in Sources */ = {isa = PBXBuildFile; fileRef = 7579A8A82C84310300F6E69E /* TodoCreateLocalDataManager.swift */; };
		7579A8AC2C8447C800F6E69E /* TodoModel.swift in Sources */ = {isa = PBXBuildFile; fileRef = 7579A8AB2C8447C800F6E69E /* TodoModel.swift */; };
		7579A8AE2C84742F00F6E69E /* VtlDateFormatter.swift in Sources */ = {isa = PBXBuildFile; fileRef = 7579A8AD2C84742F00F6E69E /* VtlDateFormatter.swift */; };
		7579A8B02C8488BD00F6E69E /* VtlError.swift in Sources */ = {isa = PBXBuildFile; fileRef = 7579A8AF2C8488BD00F6E69E /* VtlError.swift */; };
		7579A8B22C8490F300F6E69E /* TodoDetailsInteractor.swift in Sources */ = {isa = PBXBuildFile; fileRef = 7579A8B12C8490F300F6E69E /* TodoDetailsInteractor.swift */; };
		7579A8B42C84916600F6E69E /* TodoDetailsLocalDataManager.swift in Sources */ = {isa = PBXBuildFile; fileRef = 7579A8B32C84916600F6E69E /* TodoDetailsLocalDataManager.swift */; };
		75EE130E2C7D9C6F001BA9F1 /* AppDelegate.swift in Sources */ = {isa = PBXBuildFile; fileRef = 75EE130D2C7D9C6F001BA9F1 /* AppDelegate.swift */; };
		75EE13102C7D9C6F001BA9F1 /* SceneDelegate.swift in Sources */ = {isa = PBXBuildFile; fileRef = 75EE130F2C7D9C6F001BA9F1 /* SceneDelegate.swift */; };
		75EE13172C7D9C70001BA9F1 /* Assets.xcassets in Resources */ = {isa = PBXBuildFile; fileRef = 75EE13162C7D9C70001BA9F1 /* Assets.xcassets */; };
		75EE131A2C7D9C70001BA9F1 /* Base in Resources */ = {isa = PBXBuildFile; fileRef = 75EE13192C7D9C70001BA9F1 /* Base */; };
		75EE13292C7DD459001BA9F1 /* TodoListViewController.swift in Sources */ = {isa = PBXBuildFile; fileRef = 75EE13282C7DD459001BA9F1 /* TodoListViewController.swift */; };
		75EE13302C7DDD7D001BA9F1 /* VtlExtenstions.swift in Sources */ = {isa = PBXBuildFile; fileRef = 75EE132F2C7DDD7D001BA9F1 /* VtlExtenstions.swift */; };
/* End PBXBuildFile section */

/* Begin PBXContainerItemProxy section */
		7576F9FB2C881E1E0096C676 /* PBXContainerItemProxy */ = {
			isa = PBXContainerItemProxy;
			containerPortal = 75EE13022C7D9C6F001BA9F1 /* Project object */;
			proxyType = 1;
			remoteGlobalIDString = 75EE13092C7D9C6F001BA9F1;
			remoteInfo = "Viper Todo List";
		};
/* End PBXContainerItemProxy section */

/* Begin PBXFileReference section */
		750E3D662C7E5F0900D0E9DD /* todoInProgressViewCell.swift */ = {isa = PBXFileReference; lastKnownFileType = sourcecode.swift; path = todoInProgressViewCell.swift; sourceTree = "<group>"; };
		750E3D682C7E6FE100D0E9DD /* TodoCreateNewViewCell.swift */ = {isa = PBXFileReference; lastKnownFileType = sourcecode.swift; path = TodoCreateNewViewCell.swift; sourceTree = "<group>"; };
		750E3D6A2C7E6FFF00D0E9DD /* TodoUnoompletedRowViewCell.swift */ = {isa = PBXFileReference; lastKnownFileType = sourcecode.swift; path = TodoUnoompletedRowViewCell.swift; sourceTree = "<group>"; };
		750E3D6C2C7E700600D0E9DD /* TodoCompletedRowViewCell.swift */ = {isa = PBXFileReference; lastKnownFileType = sourcecode.swift; path = TodoCompletedRowViewCell.swift; sourceTree = "<group>"; };
		750E3D732C7EA6FD00D0E9DD /* TodoDetailsViewController.swift */ = {isa = PBXFileReference; lastKnownFileType = sourcecode.swift; path = TodoDetailsViewController.swift; sourceTree = "<group>"; };
		750E3D752C7EA77800D0E9DD /* TodoListRouter.swift */ = {isa = PBXFileReference; lastKnownFileType = sourcecode.swift; path = TodoListRouter.swift; sourceTree = "<group>"; };
		750E3D772C7EA9F000D0E9DD /* TodoDetailsRouter.swift */ = {isa = PBXFileReference; lastKnownFileType = sourcecode.swift; path = TodoDetailsRouter.swift; sourceTree = "<group>"; };
		750E3D792C7EAF0A00D0E9DD /* TodoDetailsView.swift */ = {isa = PBXFileReference; lastKnownFileType = sourcecode.swift; path = TodoDetailsView.swift; sourceTree = "<group>"; };
		750E3D7E2C7EFB7400D0E9DD /* TodoShowAllViewController.swift */ = {isa = PBXFileReference; lastKnownFileType = sourcecode.swift; path = TodoShowAllViewController.swift; sourceTree = "<group>"; };
		750E3D802C7EFB8500D0E9DD /* TodoShowAllView.swift */ = {isa = PBXFileReference; lastKnownFileType = sourcecode.swift; path = TodoShowAllView.swift; sourceTree = "<group>"; };
		750E3D822C7EFC0600D0E9DD /* TodoShowAllRouter.swift */ = {isa = PBXFileReference; lastKnownFileType = sourcecode.swift; path = TodoShowAllRouter.swift; sourceTree = "<group>"; };
		750E3D882C7F530100D0E9DD /* VtlCoreDataManager.swift */ = {isa = PBXFileReference; lastKnownFileType = sourcecode.swift; path = VtlCoreDataManager.swift; sourceTree = "<group>"; };
		750E3D8B2C7F532B00D0E9DD /* VtlCoreData.xcdatamodel */ = {isa = PBXFileReference; lastKnownFileType = wrapper.xcdatamodel; path = VtlCoreData.xcdatamodel; sourceTree = "<group>"; };
		750E3D8D2C7F562400D0E9DD /* Todo+CoreDataClass.swift */ = {isa = PBXFileReference; lastKnownFileType = sourcecode.swift; path = "Todo+CoreDataClass.swift"; sourceTree = "<group>"; };
		750E3D8E2C7F562400D0E9DD /* Todo+CoreDataProperties.swift */ = {isa = PBXFileReference; lastKnownFileType = sourcecode.swift; path = "Todo+CoreDataProperties.swift"; sourceTree = "<group>"; };
		750E3D9D2C7F621900D0E9DD /* RemoteDataManager.swift */ = {isa = PBXFileReference; lastKnownFileType = sourcecode.swift; path = RemoteDataManager.swift; sourceTree = "<group>"; };
		750E3D9F2C7F635700D0E9DD /* VtlTodoResult.swift */ = {isa = PBXFileReference; lastKnownFileType = sourcecode.swift; path = VtlTodoResult.swift; sourceTree = "<group>"; };
		750E3DA12C7F73A200D0E9DD /* LocalDataManager.swift */ = {isa = PBXFileReference; lastKnownFileType = sourcecode.swift; path = LocalDataManager.swift; sourceTree = "<group>"; };
		750E3DA32C7F7B7A00D0E9DD /* TodoListInteractor.swift */ = {isa = PBXFileReference; lastKnownFileType = sourcecode.swift; path = TodoListInteractor.swift; sourceTree = "<group>"; };
		750E3DA52C7F8A4100D0E9DD /* TodoListPresenter.swift */ = {isa = PBXFileReference; lastKnownFileType = sourcecode.swift; path = TodoListPresenter.swift; sourceTree = "<group>"; };
		750E3DA72C8056A600D0E9DD /* TodoDetailsPresenter.swift */ = {isa = PBXFileReference; lastKnownFileType = sourcecode.swift; path = TodoDetailsPresenter.swift; sourceTree = "<group>"; };
		750E3DAA2C805A2800D0E9DD /* TodoShowAllPresenter.swift */ = {isa = PBXFileReference; lastKnownFileType = sourcecode.swift; path = TodoShowAllPresenter.swift; sourceTree = "<group>"; };
		75555D0F2C7DF7A300EFA4E5 /* TodoCompleteViewCell.swift */ = {isa = PBXFileReference; lastKnownFileType = sourcecode.swift; path = TodoCompleteViewCell.swift; sourceTree = "<group>"; };
		75555D112C7E0E8200EFA4E5 /* TodoListView.swift */ = {isa = PBXFileReference; lastKnownFileType = sourcecode.swift; path = TodoListView.swift; sourceTree = "<group>"; };
		7576F9DB2C8586440096C676 /* VtlUserDefaults.swift */ = {isa = PBXFileReference; lastKnownFileType = sourcecode.swift; path = VtlUserDefaults.swift; sourceTree = "<group>"; };
		7576F9DD2C8599850096C676 /* TodoListSectionTypes.swift */ = {isa = PBXFileReference; lastKnownFileType = sourcecode.swift; path = TodoListSectionTypes.swift; sourceTree = "<group>"; };
		7576F9DF2C859AAE0096C676 /* TodoErrorViewCell.swift */ = {isa = PBXFileReference; lastKnownFileType = sourcecode.swift; path = TodoErrorViewCell.swift; sourceTree = "<group>"; };
		7576F9E12C859ABC0096C676 /* TodoEmptyInProgressViewCell.swift */ = {isa = PBXFileReference; lastKnownFileType = sourcecode.swift; path = TodoEmptyInProgressViewCell.swift; sourceTree = "<group>"; };
		7576F9E32C859AC70096C676 /* TodoEmptyCompleteViewCell.swift */ = {isa = PBXFileReference; lastKnownFileType = sourcecode.swift; path = TodoEmptyCompleteViewCell.swift; sourceTree = "<group>"; };
		7576F9E52C859ACE0096C676 /* TodoLoadingViewCell.swift */ = {isa = PBXFileReference; lastKnownFileType = sourcecode.swift; path = TodoLoadingViewCell.swift; sourceTree = "<group>"; };
		7576F9E82C87668D0096C676 /* OnboardingViewController.swift */ = {isa = PBXFileReference; lastKnownFileType = sourcecode.swift; path = OnboardingViewController.swift; sourceTree = "<group>"; };
		7576F9EA2C87669A0096C676 /* OnboardingView.swift */ = {isa = PBXFileReference; lastKnownFileType = sourcecode.swift; path = OnboardingView.swift; sourceTree = "<group>"; };
		7576F9EC2C8766A70096C676 /* FirstOnboardingViewCell.swift */ = {isa = PBXFileReference; lastKnownFileType = sourcecode.swift; path = FirstOnboardingViewCell.swift; sourceTree = "<group>"; };
		7576F9EE2C880ECB0096C676 /* OnboardingScreens.swift */ = {isa = PBXFileReference; lastKnownFileType = sourcecode.swift; path = OnboardingScreens.swift; sourceTree = "<group>"; };
		7576F9F02C8811DD0096C676 /* SecondOnboardingViewCell.swift */ = {isa = PBXFileReference; lastKnownFileType = sourcecode.swift; path = SecondOnboardingViewCell.swift; sourceTree = "<group>"; };
		7576F9F72C881E1E0096C676 /* Viper Todo ListTests.xctest */ = {isa = PBXFileReference; explicitFileType = wrapper.cfbundle; includeInIndex = 0; path = "Viper Todo ListTests.xctest"; sourceTree = BUILT_PRODUCTS_DIR; };
		7576F9F92C881E1E0096C676 /* Viper_Todo_ListTests.swift */ = {isa = PBXFileReference; lastKnownFileType = sourcecode.swift; path = Viper_Todo_ListTests.swift; sourceTree = "<group>"; };
		7576FA052C8837DE0096C676 /* TodoModelTests.swift */ = {isa = PBXFileReference; lastKnownFileType = sourcecode.swift; path = TodoModelTests.swift; sourceTree = "<group>"; };
		7576FA0D2C8858AD0096C676 /* TodoDetailsViewTests.swift */ = {isa = PBXFileReference; lastKnownFileType = sourcecode.swift; path = TodoDetailsViewTests.swift; sourceTree = "<group>"; };
		7576FA0F2C885AC20096C676 /* CoreDataContext.swift */ = {isa = PBXFileReference; lastKnownFileType = sourcecode.swift; path = CoreDataContext.swift; sourceTree = "<group>"; };
		7579A89D2C84309600F6E69E /* TodoCreateRouter.swift */ = {isa = PBXFileReference; lastKnownFileType = sourcecode.swift; path = TodoCreateRouter.swift; sourceTree = "<group>"; };
		7579A89F2C8430A000F6E69E /* TodoCreateView.swift */ = {isa = PBXFileReference; lastKnownFileType = sourcecode.swift; path = TodoCreateView.swift; sourceTree = "<group>"; };
		7579A8A12C8430AA00F6E69E /* TodoCreateViewController.swift */ = {isa = PBXFileReference; lastKnownFileType = sourcecode.swift; path = TodoCreateViewController.swift; sourceTree = "<group>"; };
		7579A8A42C8430C000F6E69E /* TodoCreateInteractor.swift */ = {isa = PBXFileReference; lastKnownFileType = sourcecode.swift; path = TodoCreateInteractor.swift; sourceTree = "<group>"; };
		7579A8A62C8430CB00F6E69E /* TodoCreatePresenter.swift */ = {isa = PBXFileReference; lastKnownFileType = sourcecode.swift; path = TodoCreatePresenter.swift; sourceTree = "<group>"; };
		7579A8A82C84310300F6E69E /* TodoCreateLocalDataManager.swift */ = {isa = PBXFileReference; lastKnownFileType = sourcecode.swift; path = TodoCreateLocalDataManager.swift; sourceTree = "<group>"; };
		7579A8AB2C8447C800F6E69E /* TodoModel.swift */ = {isa = PBXFileReference; lastKnownFileType = sourcecode.swift; path = TodoModel.swift; sourceTree = "<group>"; };
		7579A8AD2C84742F00F6E69E /* VtlDateFormatter.swift */ = {isa = PBXFileReference; lastKnownFileType = sourcecode.swift; path = VtlDateFormatter.swift; sourceTree = "<group>"; };
		7579A8AF2C8488BD00F6E69E /* VtlError.swift */ = {isa = PBXFileReference; lastKnownFileType = sourcecode.swift; path = VtlError.swift; sourceTree = "<group>"; };
		7579A8B12C8490F300F6E69E /* TodoDetailsInteractor.swift */ = {isa = PBXFileReference; lastKnownFileType = sourcecode.swift; path = TodoDetailsInteractor.swift; sourceTree = "<group>"; };
		7579A8B32C84916600F6E69E /* TodoDetailsLocalDataManager.swift */ = {isa = PBXFileReference; lastKnownFileType = sourcecode.swift; path = TodoDetailsLocalDataManager.swift; sourceTree = "<group>"; };
		75EE130A2C7D9C6F001BA9F1 /* Viper Todo List.app */ = {isa = PBXFileReference; explicitFileType = wrapper.application; includeInIndex = 0; path = "Viper Todo List.app"; sourceTree = BUILT_PRODUCTS_DIR; };
		75EE130D2C7D9C6F001BA9F1 /* AppDelegate.swift */ = {isa = PBXFileReference; lastKnownFileType = sourcecode.swift; path = AppDelegate.swift; sourceTree = "<group>"; };
		75EE130F2C7D9C6F001BA9F1 /* SceneDelegate.swift */ = {isa = PBXFileReference; lastKnownFileType = sourcecode.swift; path = SceneDelegate.swift; sourceTree = "<group>"; };
		75EE13162C7D9C70001BA9F1 /* Assets.xcassets */ = {isa = PBXFileReference; lastKnownFileType = folder.assetcatalog; path = Assets.xcassets; sourceTree = "<group>"; };
		75EE13192C7D9C70001BA9F1 /* Base */ = {isa = PBXFileReference; lastKnownFileType = file.storyboard; name = Base; path = Base.lproj/LaunchScreen.storyboard; sourceTree = "<group>"; };
		75EE131B2C7D9C70001BA9F1 /* Info.plist */ = {isa = PBXFileReference; lastKnownFileType = text.plist.xml; path = Info.plist; sourceTree = "<group>"; };
		75EE13282C7DD459001BA9F1 /* TodoListViewController.swift */ = {isa = PBXFileReference; lastKnownFileType = sourcecode.swift; path = TodoListViewController.swift; sourceTree = "<group>"; };
		75EE132F2C7DDD7D001BA9F1 /* VtlExtenstions.swift */ = {isa = PBXFileReference; lastKnownFileType = sourcecode.swift; path = VtlExtenstions.swift; sourceTree = "<group>"; };
/* End PBXFileReference section */

/* Begin PBXFrameworksBuildPhase section */
		7576F9F42C881E1E0096C676 /* Frameworks */ = {
			isa = PBXFrameworksBuildPhase;
			buildActionMask = 2147483647;
			files = (
			);
			runOnlyForDeploymentPostprocessing = 0;
		};
		75EE13072C7D9C6F001BA9F1 /* Frameworks */ = {
			isa = PBXFrameworksBuildPhase;
			buildActionMask = 2147483647;
			files = (
			);
			runOnlyForDeploymentPostprocessing = 0;
		};
/* End PBXFrameworksBuildPhase section */

/* Begin PBXGroup section */
		750E3D6E2C7EA40B00D0E9DD /* Router */ = {
			isa = PBXGroup;
			children = (
				750E3D772C7EA9F000D0E9DD /* TodoDetailsRouter.swift */,
			);
			path = Router;
			sourceTree = "<group>";
		};
		750E3D6F2C7EA41200D0E9DD /* Presenter */ = {
			isa = PBXGroup;
			children = (
				750E3DA72C8056A600D0E9DD /* TodoDetailsPresenter.swift */,
			);
			path = Presenter;
			sourceTree = "<group>";
		};
		750E3D702C7EA41A00D0E9DD /* Interactor */ = {
			isa = PBXGroup;
			children = (
				7579A8B12C8490F300F6E69E /* TodoDetailsInteractor.swift */,
				7579A8B32C84916600F6E69E /* TodoDetailsLocalDataManager.swift */,
			);
			path = Interactor;
			sourceTree = "<group>";
		};
		750E3D712C7EA42300D0E9DD /* Entities */ = {
			isa = PBXGroup;
			children = (
			);
			path = Entities;
			sourceTree = "<group>";
		};
		750E3D722C7EA42A00D0E9DD /* View */ = {
			isa = PBXGroup;
			children = (
				750E3D732C7EA6FD00D0E9DD /* TodoDetailsViewController.swift */,
				750E3D792C7EAF0A00D0E9DD /* TodoDetailsView.swift */,
			);
			path = View;
			sourceTree = "<group>";
		};
		750E3D7B2C7EFB4500D0E9DD /* TodoShowAll */ = {
			isa = PBXGroup;
			children = (
				750E3D7C2C7EFB5B00D0E9DD /* Router */,
				750E3DA92C8059EA00D0E9DD /* Presenter */,
				750E3D7D2C7EFB6300D0E9DD /* View */,
			);
			path = TodoShowAll;
			sourceTree = "<group>";
		};
		750E3D7C2C7EFB5B00D0E9DD /* Router */ = {
			isa = PBXGroup;
			children = (
				750E3D822C7EFC0600D0E9DD /* TodoShowAllRouter.swift */,
			);
			path = Router;
			sourceTree = "<group>";
		};
		750E3D7D2C7EFB6300D0E9DD /* View */ = {
			isa = PBXGroup;
			children = (
				750E3D7E2C7EFB7400D0E9DD /* TodoShowAllViewController.swift */,
				750E3D802C7EFB8500D0E9DD /* TodoShowAllView.swift */,
			);
			path = View;
			sourceTree = "<group>";
		};
		750E3D9A2C7F61FE00D0E9DD /* Local */ = {
			isa = PBXGroup;
			children = (
				750E3DA12C7F73A200D0E9DD /* LocalDataManager.swift */,
			);
			path = Local;
			sourceTree = "<group>";
		};
		750E3D9B2C7F620200D0E9DD /* Remote */ = {
			isa = PBXGroup;
			children = (
				750E3D9D2C7F621900D0E9DD /* RemoteDataManager.swift */,
			);
			path = Remote;
			sourceTree = "<group>";
		};
		750E3DA92C8059EA00D0E9DD /* Presenter */ = {
			isa = PBXGroup;
			children = (
				750E3DAA2C805A2800D0E9DD /* TodoShowAllPresenter.swift */,
			);
			path = Presenter;
			sourceTree = "<group>";
		};
		7576F9E72C87663B0096C676 /* Onboarding */ = {
			isa = PBXGroup;
			children = (
				7576F9E82C87668D0096C676 /* OnboardingViewController.swift */,
				7576F9EA2C87669A0096C676 /* OnboardingView.swift */,
				7576F9EC2C8766A70096C676 /* FirstOnboardingViewCell.swift */,
				7576F9F02C8811DD0096C676 /* SecondOnboardingViewCell.swift */,
				7576F9EE2C880ECB0096C676 /* OnboardingScreens.swift */,
			);
			path = Onboarding;
			sourceTree = "<group>";
		};
		7576F9F82C881E1E0096C676 /* Viper Todo ListTests */ = {
			isa = PBXGroup;
			children = (
				7576FA0C2C88588D0096C676 /* TodoDetails */,
				7576FA032C882F550096C676 /* TodoCreate */,
				7576FA022C882F3A0096C676 /* TodoList */,
				7576F9F92C881E1E0096C676 /* Viper_Todo_ListTests.swift */,
				7576FA0F2C885AC20096C676 /* CoreDataContext.swift */,
			);
			path = "Viper Todo ListTests";
			sourceTree = "<group>";
		};
		7576FA022C882F3A0096C676 /* TodoList */ = {
			isa = PBXGroup;
			children = (
			);
			path = TodoList;
			sourceTree = "<group>";
		};
		7576FA032C882F550096C676 /* TodoCreate */ = {
			isa = PBXGroup;
			children = (
				7576FA072C8841240096C676 /* Interactor */,
				7576FA042C8837C90096C676 /* Entity */,
			);
			path = TodoCreate;
			sourceTree = "<group>";
		};
		7576FA042C8837C90096C676 /* Entity */ = {
			isa = PBXGroup;
			children = (
				7576FA052C8837DE0096C676 /* TodoModelTests.swift */,
			);
			path = Entity;
			sourceTree = "<group>";
		};
		7576FA072C8841240096C676 /* Interactor */ = {
			isa = PBXGroup;
			children = (
			);
			path = Interactor;
			sourceTree = "<group>";
		};
		7576FA0C2C88588D0096C676 /* TodoDetails */ = {
			isa = PBXGroup;
			children = (
				7576FA0D2C8858AD0096C676 /* TodoDetailsViewTests.swift */,
			);
			path = TodoDetails;
			sourceTree = "<group>";
		};
		7579A8992C84304E00F6E69E /* TodoCreate */ = {
			isa = PBXGroup;
			children = (
				7579A89B2C84305900F6E69E /* Router */,
				7579A8AA2C8447B000F6E69E /* Entity */,
				7579A89C2C84305C00F6E69E /* Presenter */,
				7579A8A32C8430B200F6E69E /* Interactor */,
				7579A89A2C84305600F6E69E /* View */,
			);
			path = TodoCreate;
			sourceTree = "<group>";
		};
		7579A89A2C84305600F6E69E /* View */ = {
			isa = PBXGroup;
			children = (
				7579A89F2C8430A000F6E69E /* TodoCreateView.swift */,
				7579A8A12C8430AA00F6E69E /* TodoCreateViewController.swift */,
			);
			path = View;
			sourceTree = "<group>";
		};
		7579A89B2C84305900F6E69E /* Router */ = {
			isa = PBXGroup;
			children = (
				7579A89D2C84309600F6E69E /* TodoCreateRouter.swift */,
			);
			path = Router;
			sourceTree = "<group>";
		};
		7579A89C2C84305C00F6E69E /* Presenter */ = {
			isa = PBXGroup;
			children = (
				7579A8A62C8430CB00F6E69E /* TodoCreatePresenter.swift */,
			);
			path = Presenter;
			sourceTree = "<group>";
		};
		7579A8A32C8430B200F6E69E /* Interactor */ = {
			isa = PBXGroup;
			children = (
				7579A8A42C8430C000F6E69E /* TodoCreateInteractor.swift */,
				7579A8A82C84310300F6E69E /* TodoCreateLocalDataManager.swift */,
			);
			path = Interactor;
			sourceTree = "<group>";
		};
		7579A8AA2C8447B000F6E69E /* Entity */ = {
			isa = PBXGroup;
			children = (
				7579A8AB2C8447C800F6E69E /* TodoModel.swift */,
			);
			path = Entity;
			sourceTree = "<group>";
		};
		75EE13012C7D9C6F001BA9F1 = {
			isa = PBXGroup;
			children = (
				75EE130C2C7D9C6F001BA9F1 /* Viper Todo List */,
				7576F9F82C881E1E0096C676 /* Viper Todo ListTests */,
				75EE130B2C7D9C6F001BA9F1 /* Products */,
			);
			sourceTree = "<group>";
		};
		75EE130B2C7D9C6F001BA9F1 /* Products */ = {
			isa = PBXGroup;
			children = (
				75EE130A2C7D9C6F001BA9F1 /* Viper Todo List.app */,
				7576F9F72C881E1E0096C676 /* Viper Todo ListTests.xctest */,
			);
			name = Products;
			sourceTree = "<group>";
		};
		75EE130C2C7D9C6F001BA9F1 /* Viper Todo List */ = {
			isa = PBXGroup;
			children = (
				7576F9E72C87663B0096C676 /* Onboarding */,
				7579A8992C84304E00F6E69E /* TodoCreate */,
				75EE132A2C7DDA3A001BA9F1 /* Common */,
				750E3D7B2C7EFB4500D0E9DD /* TodoShowAll */,
				75EE13222C7DD346001BA9F1 /* TodoDetails */,
				75EE13212C7DD324001BA9F1 /* TodoList */,
				75EE130D2C7D9C6F001BA9F1 /* AppDelegate.swift */,
				75EE130F2C7D9C6F001BA9F1 /* SceneDelegate.swift */,
				75EE13162C7D9C70001BA9F1 /* Assets.xcassets */,
				75EE13182C7D9C70001BA9F1 /* LaunchScreen.storyboard */,
				75EE131B2C7D9C70001BA9F1 /* Info.plist */,
				750E3D882C7F530100D0E9DD /* VtlCoreDataManager.swift */,
				750E3D8A2C7F532B00D0E9DD /* VtlCoreData.xcdatamodeld */,
			);
			path = "Viper Todo List";
			sourceTree = "<group>";
		};
		75EE13212C7DD324001BA9F1 /* TodoList */ = {
			isa = PBXGroup;
			children = (
				75EE13272C7DD3EC001BA9F1 /* Router */,
				75EE13262C7DD3E5001BA9F1 /* Entities */,
				75EE13252C7DD3DC001BA9F1 /* Presenter */,
				75EE13242C7DD3D3001BA9F1 /* Interactor */,
				75EE13232C7DD3CE001BA9F1 /* View */,
			);
			path = TodoList;
			sourceTree = "<group>";
		};
		75EE13222C7DD346001BA9F1 /* TodoDetails */ = {
			isa = PBXGroup;
			children = (
				750E3D6E2C7EA40B00D0E9DD /* Router */,
				750E3D712C7EA42300D0E9DD /* Entities */,
				750E3D6F2C7EA41200D0E9DD /* Presenter */,
				750E3D702C7EA41A00D0E9DD /* Interactor */,
				750E3D722C7EA42A00D0E9DD /* View */,
			);
			path = TodoDetails;
			sourceTree = "<group>";
		};
		75EE13232C7DD3CE001BA9F1 /* View */ = {
			isa = PBXGroup;
			children = (
				75EE13282C7DD459001BA9F1 /* TodoListViewController.swift */,
				75555D112C7E0E8200EFA4E5 /* TodoListView.swift */,
				750E3D662C7E5F0900D0E9DD /* todoInProgressViewCell.swift */,
				75555D0F2C7DF7A300EFA4E5 /* TodoCompleteViewCell.swift */,
				750E3D682C7E6FE100D0E9DD /* TodoCreateNewViewCell.swift */,
				750E3D6A2C7E6FFF00D0E9DD /* TodoUnoompletedRowViewCell.swift */,
				750E3D6C2C7E700600D0E9DD /* TodoCompletedRowViewCell.swift */,
				7576F9DF2C859AAE0096C676 /* TodoErrorViewCell.swift */,
				7576F9E12C859ABC0096C676 /* TodoEmptyInProgressViewCell.swift */,
				7576F9E32C859AC70096C676 /* TodoEmptyCompleteViewCell.swift */,
				7576F9E52C859ACE0096C676 /* TodoLoadingViewCell.swift */,
			);
			path = View;
			sourceTree = "<group>";
		};
		75EE13242C7DD3D3001BA9F1 /* Interactor */ = {
			isa = PBXGroup;
			children = (
				750E3D9B2C7F620200D0E9DD /* Remote */,
				750E3D9A2C7F61FE00D0E9DD /* Local */,
				750E3DA32C7F7B7A00D0E9DD /* TodoListInteractor.swift */,
			);
			path = Interactor;
			sourceTree = "<group>";
		};
		75EE13252C7DD3DC001BA9F1 /* Presenter */ = {
			isa = PBXGroup;
			children = (
				750E3DA52C7F8A4100D0E9DD /* TodoListPresenter.swift */,
			);
			path = Presenter;
			sourceTree = "<group>";
		};
		75EE13262C7DD3E5001BA9F1 /* Entities */ = {
			isa = PBXGroup;
			children = (
				750E3D8D2C7F562400D0E9DD /* Todo+CoreDataClass.swift */,
				750E3D8E2C7F562400D0E9DD /* Todo+CoreDataProperties.swift */,
				750E3D9F2C7F635700D0E9DD /* VtlTodoResult.swift */,
				7576F9DD2C8599850096C676 /* TodoListSectionTypes.swift */,
			);
			path = Entities;
			sourceTree = "<group>";
		};
		75EE13272C7DD3EC001BA9F1 /* Router */ = {
			isa = PBXGroup;
			children = (
				750E3D752C7EA77800D0E9DD /* TodoListRouter.swift */,
			);
			path = Router;
			sourceTree = "<group>";
		};
		75EE132A2C7DDA3A001BA9F1 /* Common */ = {
			isa = PBXGroup;
			children = (
				75EE132F2C7DDD7D001BA9F1 /* VtlExtenstions.swift */,
				7579A8AD2C84742F00F6E69E /* VtlDateFormatter.swift */,
				7579A8AF2C8488BD00F6E69E /* VtlError.swift */,
				7576F9DB2C8586440096C676 /* VtlUserDefaults.swift */,
			);
			path = Common;
			sourceTree = "<group>";
		};
/* End PBXGroup section */

/* Begin PBXNativeTarget section */
		7576F9F62C881E1E0096C676 /* Viper Todo ListTests */ = {
			isa = PBXNativeTarget;
			buildConfigurationList = 7576F9FD2C881E1E0096C676 /* Build configuration list for PBXNativeTarget "Viper Todo ListTests" */;
			buildPhases = (
				7576F9F32C881E1E0096C676 /* Sources */,
				7576F9F42C881E1E0096C676 /* Frameworks */,
				7576F9F52C881E1E0096C676 /* Resources */,
			);
			buildRules = (
			);
			dependencies = (
				7576F9FC2C881E1E0096C676 /* PBXTargetDependency */,
			);
			name = "Viper Todo ListTests";
			productName = "Viper Todo ListTests";
			productReference = 7576F9F72C881E1E0096C676 /* Viper Todo ListTests.xctest */;
			productType = "com.apple.product-type.bundle.unit-test";
		};
		75EE13092C7D9C6F001BA9F1 /* Viper Todo List */ = {
			isa = PBXNativeTarget;
			buildConfigurationList = 75EE131E2C7D9C70001BA9F1 /* Build configuration list for PBXNativeTarget "Viper Todo List" */;
			buildPhases = (
				75EE13062C7D9C6F001BA9F1 /* Sources */,
				75EE13072C7D9C6F001BA9F1 /* Frameworks */,
				75EE13082C7D9C6F001BA9F1 /* Resources */,
			);
			buildRules = (
			);
			dependencies = (
			);
			name = "Viper Todo List";
			productName = "Viper Todo List";
			productReference = 75EE130A2C7D9C6F001BA9F1 /* Viper Todo List.app */;
			productType = "com.apple.product-type.application";
		};
/* End PBXNativeTarget section */

/* Begin PBXProject section */
		75EE13022C7D9C6F001BA9F1 /* Project object */ = {
			isa = PBXProject;
			attributes = {
				BuildIndependentTargetsInParallel = 1;
				LastSwiftUpdateCheck = 1540;
				LastUpgradeCheck = 1540;
				TargetAttributes = {
					7576F9F62C881E1E0096C676 = {
						CreatedOnToolsVersion = 15.4;
						TestTargetID = 75EE13092C7D9C6F001BA9F1;
					};
					75EE13092C7D9C6F001BA9F1 = {
						CreatedOnToolsVersion = 15.4;
					};
				};
			};
			buildConfigurationList = 75EE13052C7D9C6F001BA9F1 /* Build configuration list for PBXProject "Viper Todo List" */;
			compatibilityVersion = "Xcode 14.0";
			developmentRegion = en;
			hasScannedForEncodings = 0;
			knownRegions = (
				en,
				Base,
			);
			mainGroup = 75EE13012C7D9C6F001BA9F1;
			productRefGroup = 75EE130B2C7D9C6F001BA9F1 /* Products */;
			projectDirPath = "";
			projectRoot = "";
			targets = (
				75EE13092C7D9C6F001BA9F1 /* Viper Todo List */,
				7576F9F62C881E1E0096C676 /* Viper Todo ListTests */,
			);
		};
/* End PBXProject section */

/* Begin PBXResourcesBuildPhase section */
		7576F9F52C881E1E0096C676 /* Resources */ = {
			isa = PBXResourcesBuildPhase;
			buildActionMask = 2147483647;
			files = (
			);
			runOnlyForDeploymentPostprocessing = 0;
		};
		75EE13082C7D9C6F001BA9F1 /* Resources */ = {
			isa = PBXResourcesBuildPhase;
			buildActionMask = 2147483647;
			files = (
				75EE13172C7D9C70001BA9F1 /* Assets.xcassets in Resources */,
				75EE131A2C7D9C70001BA9F1 /* Base in Resources */,
			);
			runOnlyForDeploymentPostprocessing = 0;
		};
/* End PBXResourcesBuildPhase section */

/* Begin PBXSourcesBuildPhase section */
		7576F9F32C881E1E0096C676 /* Sources */ = {
			isa = PBXSourcesBuildPhase;
			buildActionMask = 2147483647;
			files = (
				7576F9FA2C881E1E0096C676 /* Viper_Todo_ListTests.swift in Sources */,
				7576FA0E2C8858AD0096C676 /* TodoDetailsViewTests.swift in Sources */,
				7576FA102C885AC20096C676 /* CoreDataContext.swift in Sources */,
				7576FA062C8837DE0096C676 /* TodoModelTests.swift in Sources */,
			);
			runOnlyForDeploymentPostprocessing = 0;
		};
		75EE13062C7D9C6F001BA9F1 /* Sources */ = {
			isa = PBXSourcesBuildPhase;
			buildActionMask = 2147483647;
			files = (
				7579A8B42C84916600F6E69E /* TodoDetailsLocalDataManager.swift in Sources */,
				7579A89E2C84309600F6E69E /* TodoCreateRouter.swift in Sources */,
				750E3D6B2C7E6FFF00D0E9DD /* TodoUnoompletedRowViewCell.swift in Sources */,
				7579A8A22C8430AA00F6E69E /* TodoCreateViewController.swift in Sources */,
				750E3D8C2C7F532B00D0E9DD /* VtlCoreData.xcdatamodeld in Sources */,
				7576F9F12C8811DD0096C676 /* SecondOnboardingViewCell.swift in Sources */,
				75EE13292C7DD459001BA9F1 /* TodoListViewController.swift in Sources */,
				750E3DA62C7F8A4100D0E9DD /* TodoListPresenter.swift in Sources */,
				750E3DA22C7F73A200D0E9DD /* LocalDataManager.swift in Sources */,
				75EE130E2C7D9C6F001BA9F1 /* AppDelegate.swift in Sources */,
				750E3D892C7F530100D0E9DD /* VtlCoreDataManager.swift in Sources */,
				7579A8AC2C8447C800F6E69E /* TodoModel.swift in Sources */,
				7579A8AE2C84742F00F6E69E /* VtlDateFormatter.swift in Sources */,
				750E3D7F2C7EFB7400D0E9DD /* TodoShowAllViewController.swift in Sources */,
				750E3D7A2C7EAF0A00D0E9DD /* TodoDetailsView.swift in Sources */,
				7576F9DC2C8586440096C676 /* VtlUserDefaults.swift in Sources */,
				750E3DAB2C805A2800D0E9DD /* TodoShowAllPresenter.swift in Sources */,
				7579A8A92C84310300F6E69E /* TodoCreateLocalDataManager.swift in Sources */,
				7576F9ED2C8766A70096C676 /* FirstOnboardingViewCell.swift in Sources */,
				7576F9DE2C8599850096C676 /* TodoListSectionTypes.swift in Sources */,
				750E3D6D2C7E700600D0E9DD /* TodoCompletedRowViewCell.swift in Sources */,
				75EE13302C7DDD7D001BA9F1 /* VtlExtenstions.swift in Sources */,
				7579A8A02C8430A000F6E69E /* TodoCreateView.swift in Sources */,
				7579A8A52C8430C000F6E69E /* TodoCreateInteractor.swift in Sources */,
				7576F9EF2C880ECB0096C676 /* OnboardingScreens.swift in Sources */,
				750E3D742C7EA6FD00D0E9DD /* TodoDetailsViewController.swift in Sources */,
				750E3DA82C8056A600D0E9DD /* TodoDetailsPresenter.swift in Sources */,
				750E3D812C7EFB8500D0E9DD /* TodoShowAllView.swift in Sources */,
				750E3D832C7EFC0600D0E9DD /* TodoShowAllRouter.swift in Sources */,
				750E3D762C7EA77800D0E9DD /* TodoListRouter.swift in Sources */,
				7576F9E92C87668D0096C676 /* OnboardingViewController.swift in Sources */,
				75EE13102C7D9C6F001BA9F1 /* SceneDelegate.swift in Sources */,
				750E3D8F2C7F562400D0E9DD /* Todo+CoreDataClass.swift in Sources */,
				750E3D9E2C7F621900D0E9DD /* RemoteDataManager.swift in Sources */,
				7576F9E62C859ACE0096C676 /* TodoLoadingViewCell.swift in Sources */,
				7579A8B22C8490F300F6E69E /* TodoDetailsInteractor.swift in Sources */,
				750E3D902C7F562400D0E9DD /* Todo+CoreDataProperties.swift in Sources */,
				7579A8A72C8430CB00F6E69E /* TodoCreatePresenter.swift in Sources */,
				7576F9E02C859AAE0096C676 /* TodoErrorViewCell.swift in Sources */,
				75555D122C7E0E8200EFA4E5 /* TodoListView.swift in Sources */,
				7576F9EB2C87669A0096C676 /* OnboardingView.swift in Sources */,
				7579A8B02C8488BD00F6E69E /* VtlError.swift in Sources */,
				7576F9E42C859AC70096C676 /* TodoEmptyCompleteViewCell.swift in Sources */,
				750E3DA42C7F7B7A00D0E9DD /* TodoListInteractor.swift in Sources */,
				75555D102C7DF7A300EFA4E5 /* TodoCompleteViewCell.swift in Sources */,
				750E3D672C7E5F0900D0E9DD /* todoInProgressViewCell.swift in Sources */,
				750E3DA02C7F635700D0E9DD /* VtlTodoResult.swift in Sources */,
				750E3D692C7E6FE100D0E9DD /* TodoCreateNewViewCell.swift in Sources */,
				750E3D782C7EA9F000D0E9DD /* TodoDetailsRouter.swift in Sources */,
				7576F9E22C859ABC0096C676 /* TodoEmptyInProgressViewCell.swift in Sources */,
			);
			runOnlyForDeploymentPostprocessing = 0;
		};
/* End PBXSourcesBuildPhase section */

/* Begin PBXTargetDependency section */
		7576F9FC2C881E1E0096C676 /* PBXTargetDependency */ = {
			isa = PBXTargetDependency;
			target = 75EE13092C7D9C6F001BA9F1 /* Viper Todo List */;
			targetProxy = 7576F9FB2C881E1E0096C676 /* PBXContainerItemProxy */;
		};
/* End PBXTargetDependency section */

/* Begin PBXVariantGroup section */
		75EE13182C7D9C70001BA9F1 /* LaunchScreen.storyboard */ = {
			isa = PBXVariantGroup;
			children = (
				75EE13192C7D9C70001BA9F1 /* Base */,
			);
			name = LaunchScreen.storyboard;
			sourceTree = "<group>";
		};
/* End PBXVariantGroup section */

/* Begin XCBuildConfiguration section */
		7576F9FE2C881E1E0096C676 /* Debug */ = {
			isa = XCBuildConfiguration;
			buildSettings = {
				BUNDLE_LOADER = "$(TEST_HOST)";
				CODE_SIGN_STYLE = Automatic;
				CURRENT_PROJECT_VERSION = 1;
				DEVELOPMENT_TEAM = 3JTA2CM5N8;
				GENERATE_INFOPLIST_FILE = YES;
				MARKETING_VERSION = 1.0;
				PRODUCT_BUNDLE_IDENTIFIER = "com.rick.Viper-Todo-ListTests";
				PRODUCT_NAME = "$(TARGET_NAME)";
				SWIFT_EMIT_LOC_STRINGS = NO;
				SWIFT_VERSION = 5.0;
				TARGETED_DEVICE_FAMILY = "1,2";
				TEST_HOST = "$(BUILT_PRODUCTS_DIR)/Viper Todo List.app/$(BUNDLE_EXECUTABLE_FOLDER_PATH)/Viper Todo List";
			};
			name = Debug;
		};
		7576F9FF2C881E1E0096C676 /* Release */ = {
			isa = XCBuildConfiguration;
			buildSettings = {
				BUNDLE_LOADER = "$(TEST_HOST)";
				CODE_SIGN_STYLE = Automatic;
				CURRENT_PROJECT_VERSION = 1;
				DEVELOPMENT_TEAM = 3JTA2CM5N8;
				GENERATE_INFOPLIST_FILE = YES;
				MARKETING_VERSION = 1.0;
				PRODUCT_BUNDLE_IDENTIFIER = "com.rick.Viper-Todo-ListTests";
				PRODUCT_NAME = "$(TARGET_NAME)";
				SWIFT_EMIT_LOC_STRINGS = NO;
				SWIFT_VERSION = 5.0;
				TARGETED_DEVICE_FAMILY = "1,2";
				TEST_HOST = "$(BUILT_PRODUCTS_DIR)/Viper Todo List.app/$(BUNDLE_EXECUTABLE_FOLDER_PATH)/Viper Todo List";
			};
			name = Release;
		};
		75EE131C2C7D9C70001BA9F1 /* Debug */ = {
			isa = XCBuildConfiguration;
			buildSettings = {
				ALWAYS_SEARCH_USER_PATHS = NO;
				ASSETCATALOG_COMPILER_GENERATE_SWIFT_ASSET_SYMBOL_EXTENSIONS = YES;
				CLANG_ANALYZER_NONNULL = YES;
				CLANG_ANALYZER_NUMBER_OBJECT_CONVERSION = YES_AGGRESSIVE;
				CLANG_CXX_LANGUAGE_STANDARD = "gnu++20";
				CLANG_ENABLE_MODULES = YES;
				CLANG_ENABLE_OBJC_ARC = YES;
				CLANG_ENABLE_OBJC_WEAK = YES;
				CLANG_WARN_BLOCK_CAPTURE_AUTORELEASING = YES;
				CLANG_WARN_BOOL_CONVERSION = YES;
				CLANG_WARN_COMMA = YES;
				CLANG_WARN_CONSTANT_CONVERSION = YES;
				CLANG_WARN_DEPRECATED_OBJC_IMPLEMENTATIONS = YES;
				CLANG_WARN_DIRECT_OBJC_ISA_USAGE = YES_ERROR;
				CLANG_WARN_DOCUMENTATION_COMMENTS = YES;
				CLANG_WARN_EMPTY_BODY = YES;
				CLANG_WARN_ENUM_CONVERSION = YES;
				CLANG_WARN_INFINITE_RECURSION = YES;
				CLANG_WARN_INT_CONVERSION = YES;
				CLANG_WARN_NON_LITERAL_NULL_CONVERSION = YES;
				CLANG_WARN_OBJC_IMPLICIT_RETAIN_SELF = YES;
				CLANG_WARN_OBJC_LITERAL_CONVERSION = YES;
				CLANG_WARN_OBJC_ROOT_CLASS = YES_ERROR;
				CLANG_WARN_QUOTED_INCLUDE_IN_FRAMEWORK_HEADER = YES;
				CLANG_WARN_RANGE_LOOP_ANALYSIS = YES;
				CLANG_WARN_STRICT_PROTOTYPES = YES;
				CLANG_WARN_SUSPICIOUS_MOVE = YES;
				CLANG_WARN_UNGUARDED_AVAILABILITY = YES_AGGRESSIVE;
				CLANG_WARN_UNREACHABLE_CODE = YES;
				CLANG_WARN__DUPLICATE_METHOD_MATCH = YES;
				COPY_PHASE_STRIP = NO;
				DEBUG_INFORMATION_FORMAT = dwarf;
				ENABLE_STRICT_OBJC_MSGSEND = YES;
				ENABLE_TESTABILITY = YES;
				ENABLE_USER_SCRIPT_SANDBOXING = YES;
				GCC_C_LANGUAGE_STANDARD = gnu17;
				GCC_DYNAMIC_NO_PIC = NO;
				GCC_NO_COMMON_BLOCKS = YES;
				GCC_OPTIMIZATION_LEVEL = 0;
				GCC_PREPROCESSOR_DEFINITIONS = (
					"DEBUG=1",
					"$(inherited)",
				);
				GCC_WARN_64_TO_32_BIT_CONVERSION = YES;
				GCC_WARN_ABOUT_RETURN_TYPE = YES_ERROR;
				GCC_WARN_UNDECLARED_SELECTOR = YES;
				GCC_WARN_UNINITIALIZED_AUTOS = YES_AGGRESSIVE;
				GCC_WARN_UNUSED_FUNCTION = YES;
				GCC_WARN_UNUSED_VARIABLE = YES;
				IPHONEOS_DEPLOYMENT_TARGET = 17.5;
				LOCALIZATION_PREFERS_STRING_CATALOGS = YES;
				MTL_ENABLE_DEBUG_INFO = INCLUDE_SOURCE;
				MTL_FAST_MATH = YES;
				ONLY_ACTIVE_ARCH = YES;
				SDKROOT = iphoneos;
				SWIFT_ACTIVE_COMPILATION_CONDITIONS = "DEBUG $(inherited)";
				SWIFT_OPTIMIZATION_LEVEL = "-Onone";
			};
			name = Debug;
		};
		75EE131D2C7D9C70001BA9F1 /* Release */ = {
			isa = XCBuildConfiguration;
			buildSettings = {
				ALWAYS_SEARCH_USER_PATHS = NO;
				ASSETCATALOG_COMPILER_GENERATE_SWIFT_ASSET_SYMBOL_EXTENSIONS = YES;
				CLANG_ANALYZER_NONNULL = YES;
				CLANG_ANALYZER_NUMBER_OBJECT_CONVERSION = YES_AGGRESSIVE;
				CLANG_CXX_LANGUAGE_STANDARD = "gnu++20";
				CLANG_ENABLE_MODULES = YES;
				CLANG_ENABLE_OBJC_ARC = YES;
				CLANG_ENABLE_OBJC_WEAK = YES;
				CLANG_WARN_BLOCK_CAPTURE_AUTORELEASING = YES;
				CLANG_WARN_BOOL_CONVERSION = YES;
				CLANG_WARN_COMMA = YES;
				CLANG_WARN_CONSTANT_CONVERSION = YES;
				CLANG_WARN_DEPRECATED_OBJC_IMPLEMENTATIONS = YES;
				CLANG_WARN_DIRECT_OBJC_ISA_USAGE = YES_ERROR;
				CLANG_WARN_DOCUMENTATION_COMMENTS = YES;
				CLANG_WARN_EMPTY_BODY = YES;
				CLANG_WARN_ENUM_CONVERSION = YES;
				CLANG_WARN_INFINITE_RECURSION = YES;
				CLANG_WARN_INT_CONVERSION = YES;
				CLANG_WARN_NON_LITERAL_NULL_CONVERSION = YES;
				CLANG_WARN_OBJC_IMPLICIT_RETAIN_SELF = YES;
				CLANG_WARN_OBJC_LITERAL_CONVERSION = YES;
				CLANG_WARN_OBJC_ROOT_CLASS = YES_ERROR;
				CLANG_WARN_QUOTED_INCLUDE_IN_FRAMEWORK_HEADER = YES;
				CLANG_WARN_RANGE_LOOP_ANALYSIS = YES;
				CLANG_WARN_STRICT_PROTOTYPES = YES;
				CLANG_WARN_SUSPICIOUS_MOVE = YES;
				CLANG_WARN_UNGUARDED_AVAILABILITY = YES_AGGRESSIVE;
				CLANG_WARN_UNREACHABLE_CODE = YES;
				CLANG_WARN__DUPLICATE_METHOD_MATCH = YES;
				COPY_PHASE_STRIP = NO;
				DEBUG_INFORMATION_FORMAT = "dwarf-with-dsym";
				ENABLE_NS_ASSERTIONS = NO;
				ENABLE_STRICT_OBJC_MSGSEND = YES;
				ENABLE_USER_SCRIPT_SANDBOXING = YES;
				GCC_C_LANGUAGE_STANDARD = gnu17;
				GCC_NO_COMMON_BLOCKS = YES;
				GCC_WARN_64_TO_32_BIT_CONVERSION = YES;
				GCC_WARN_ABOUT_RETURN_TYPE = YES_ERROR;
				GCC_WARN_UNDECLARED_SELECTOR = YES;
				GCC_WARN_UNINITIALIZED_AUTOS = YES_AGGRESSIVE;
				GCC_WARN_UNUSED_FUNCTION = YES;
				GCC_WARN_UNUSED_VARIABLE = YES;
				IPHONEOS_DEPLOYMENT_TARGET = 17.5;
				LOCALIZATION_PREFERS_STRING_CATALOGS = YES;
				MTL_ENABLE_DEBUG_INFO = NO;
				MTL_FAST_MATH = YES;
				SDKROOT = iphoneos;
				SWIFT_COMPILATION_MODE = wholemodule;
				VALIDATE_PRODUCT = YES;
			};
			name = Release;
		};
		75EE131F2C7D9C70001BA9F1 /* Debug */ = {
			isa = XCBuildConfiguration;
			buildSettings = {
				ASSETCATALOG_COMPILER_APPICON_NAME = AppIcon;
				ASSETCATALOG_COMPILER_GLOBAL_ACCENT_COLOR_NAME = AccentColor;
				CODE_SIGN_STYLE = Automatic;
				CURRENT_PROJECT_VERSION = 1;
				DEVELOPMENT_TEAM = 3JTA2CM5N8;
				GENERATE_INFOPLIST_FILE = YES;
				INFOPLIST_FILE = "Viper Todo List/Info.plist";
				INFOPLIST_KEY_UIApplicationSupportsIndirectInputEvents = YES;
				INFOPLIST_KEY_UILaunchStoryboardName = LaunchScreen;
				INFOPLIST_KEY_UISupportedInterfaceOrientations_iPad = "UIInterfaceOrientationPortrait UIInterfaceOrientationPortraitUpsideDown UIInterfaceOrientationLandscapeLeft UIInterfaceOrientationLandscapeRight";
				INFOPLIST_KEY_UISupportedInterfaceOrientations_iPhone = "UIInterfaceOrientationPortrait UIInterfaceOrientationLandscapeLeft UIInterfaceOrientationLandscapeRight";
				LD_RUNPATH_SEARCH_PATHS = (
					"$(inherited)",
					"@executable_path/Frameworks",
				);
				MARKETING_VERSION = 1.0;
				PRODUCT_BUNDLE_IDENTIFIER = "com.rick.Viper-Todo-List";
				PRODUCT_NAME = "$(TARGET_NAME)";
				SWIFT_EMIT_LOC_STRINGS = YES;
				SWIFT_VERSION = 5.0;
				TARGETED_DEVICE_FAMILY = "1,2";
			};
			name = Debug;
		};
		75EE13202C7D9C70001BA9F1 /* Release */ = {
			isa = XCBuildConfiguration;
			buildSettings = {
				ASSETCATALOG_COMPILER_APPICON_NAME = AppIcon;
				ASSETCATALOG_COMPILER_GLOBAL_ACCENT_COLOR_NAME = AccentColor;
				CODE_SIGN_STYLE = Automatic;
				CURRENT_PROJECT_VERSION = 1;
				DEVELOPMENT_TEAM = 3JTA2CM5N8;
				GENERATE_INFOPLIST_FILE = YES;
				INFOPLIST_FILE = "Viper Todo List/Info.plist";
				INFOPLIST_KEY_UIApplicationSupportsIndirectInputEvents = YES;
				INFOPLIST_KEY_UILaunchStoryboardName = LaunchScreen;
				INFOPLIST_KEY_UISupportedInterfaceOrientations_iPad = "UIInterfaceOrientationPortrait UIInterfaceOrientationPortraitUpsideDown UIInterfaceOrientationLandscapeLeft UIInterfaceOrientationLandscapeRight";
				INFOPLIST_KEY_UISupportedInterfaceOrientations_iPhone = "UIInterfaceOrientationPortrait UIInterfaceOrientationLandscapeLeft UIInterfaceOrientationLandscapeRight";
				LD_RUNPATH_SEARCH_PATHS = (
					"$(inherited)",
					"@executable_path/Frameworks",
				);
				MARKETING_VERSION = 1.0;
				PRODUCT_BUNDLE_IDENTIFIER = "com.rick.Viper-Todo-List";
				PRODUCT_NAME = "$(TARGET_NAME)";
				SWIFT_EMIT_LOC_STRINGS = YES;
				SWIFT_VERSION = 5.0;
				TARGETED_DEVICE_FAMILY = "1,2";
			};
			name = Release;
		};
/* End XCBuildConfiguration section */

/* Begin XCConfigurationList section */
		7576F9FD2C881E1E0096C676 /* Build configuration list for PBXNativeTarget "Viper Todo ListTests" */ = {
			isa = XCConfigurationList;
			buildConfigurations = (
				7576F9FE2C881E1E0096C676 /* Debug */,
				7576F9FF2C881E1E0096C676 /* Release */,
			);
			defaultConfigurationIsVisible = 0;
			defaultConfigurationName = Release;
		};
		75EE13052C7D9C6F001BA9F1 /* Build configuration list for PBXProject "Viper Todo List" */ = {
			isa = XCConfigurationList;
			buildConfigurations = (
				75EE131C2C7D9C70001BA9F1 /* Debug */,
				75EE131D2C7D9C70001BA9F1 /* Release */,
			);
			defaultConfigurationIsVisible = 0;
			defaultConfigurationName = Release;
		};
		75EE131E2C7D9C70001BA9F1 /* Build configuration list for PBXNativeTarget "Viper Todo List" */ = {
			isa = XCConfigurationList;
			buildConfigurations = (
				75EE131F2C7D9C70001BA9F1 /* Debug */,
				75EE13202C7D9C70001BA9F1 /* Release */,
			);
			defaultConfigurationIsVisible = 0;
			defaultConfigurationName = Release;
		};
/* End XCConfigurationList section */

/* Begin XCVersionGroup section */
		750E3D8A2C7F532B00D0E9DD /* VtlCoreData.xcdatamodeld */ = {
			isa = XCVersionGroup;
			children = (
				750E3D8B2C7F532B00D0E9DD /* VtlCoreData.xcdatamodel */,
			);
			currentVersion = 750E3D8B2C7F532B00D0E9DD /* VtlCoreData.xcdatamodel */;
			name = VtlCoreData.xcdatamodeld;
			path = "/Users/rcolejnr/xCodeProjects/Viper Todo List/Viper Todo List/VtlCoreData.xcdatamodeld";
			sourceTree = "<group>";
			versionGroupType = wrapper.xcdatamodel;
		};
/* End XCVersionGroup section */
	};
	rootObject = 75EE13022C7D9C6F001BA9F1 /* Project object */;
}
